
Microsoft Visual Studio Solution File, Format Version 12.00
# Visual Studio Version 16
VisualStudioVersion = 16.0.31205.134
MinimumVisualStudioVersion = 10.0.40219.1
Project("{FAE04EC0-301F-11D3-BF4B-00C04F79EFBC}") = "DemoDI", "DemoDI.csproj", "{176CBD88-3EF7-4A73-9BB4-C388EFB6F25A}"
EndProject
Project("{2150E333-8FDC-42A3-9474-1A3956D46DE8}") = "DI", "DI", "{FD31100A-4E21-4105-88E2-20CC3D6B7BF3}"
EndProject
Global
	GlobalSection(SolutionConfigurationPlatforms) = preSolution
		Debug|Any CPU = Debug|Any CPU
		Release|Any CPU = Release|Any CPU
	EndGlobalSection
	GlobalSection(ProjectConfigurationPlatforms) = postSolution
		{176CBD88-3EF7-4A73-9BB4-C388EFB6F25A}.Debug|Any CPU.ActiveCfg = Debug|Any CPU
		{176CBD88-3EF7-4A73-9BB4-C388EFB6F25A}.Debug|Any CPU.Build.0 = Debug|Any CPU
		{176CBD88-3EF7-4A73-9BB4-C388EFB6F25A}.Release|Any CPU.ActiveCfg = Release|Any CPU
		{176CBD88-3EF7-4A73-9BB4-C388EFB6F25A}.Release|Any CPU.Build.0 = Release|Any CPU
	EndGlobalSection
	GlobalSection(SolutionProperties) = preSolution
		HideSolutionNode = FALSE
	EndGlobalSection
	GlobalSection(NestedProjects) = preSolution
		{176CBD88-3EF7-4A73-9BB4-C388EFB6F25A} = {FD31100A-4E21-4105-88E2-20CC3D6B7BF3}
	EndGlobalSection
	GlobalSection(ExtensibilityGlobals) = postSolution
		SolutionGuid = {C7991A1D-552B-48A6-BB49-224E1212B61A}
	EndGlobalSection
EndGlobal
